Microsoft Visual Studio Solution File, Format Version 11.00
# Visual Studio 2008

Project("{1F7C6A04-489B-139C-D813-4F190A80F268}") = "CacadorDeParticulas", "Assembly-CSharp-firstpass.csproj", "{37CB7D1E-F887-71AB-7A40-10F7A3AD640F}"
EndProject
Project("{1F7C6A04-489B-139C-D813-4F190A80F268}") = "CacadorDeParticulas", "Assembly-CSharp.csproj", "{3CF66EB7-B489-398E-68D6-568870EF16A3}"
EndProject
Global
	GlobalSection(SolutionConfigurationPlatforms) = preSolution
		Debug|Any CPU = Debug|Any CPU
		Release|Any CPU = Release|Any CPU
	EndGlobalSection
	GlobalSection(ProjectConfigurationPlatforms) = postSolution
		{37CB7D1E-F887-71AB-7A40-10F7A3AD640F}.Debug|Any CPU.ActiveCfg = Debug|Any CPU
		{37CB7D1E-F887-71AB-7A40-10F7A3AD640F}.Debug|Any CPU.Build.0 = Debug|Any CPU
		{37CB7D1E-F887-71AB-7A40-10F7A3AD640F}.Release|Any CPU.ActiveCfg = Release|Any CPU
		{37CB7D1E-F887-71AB-7A40-10F7A3AD640F}.Release|Any CPU.Build.0 = Release|Any CPU
		{3CF66EB7-B489-398E-68D6-568870EF16A3}.Debug|Any CPU.ActiveCfg = Debug|Any CPU
		{3CF66EB7-B489-398E-68D6-568870EF16A3}.Debug|Any CPU.Build.0 = Debug|Any CPU
		{3CF66EB7-B489-398E-68D6-568870EF16A3}.Release|Any CPU.ActiveCfg = Release|Any CPU
		{3CF66EB7-B489-398E-68D6-568870EF16A3}.Release|Any CPU.Build.0 = Release|Any CPU
	EndGlobalSection
	GlobalSection(SolutionProperties) = preSolution
		HideSolutionNode = FALSE
	EndGlobalSection
	GlobalSection(MonoDevelopProperties) = preSolution
		StartupItem = Assembly-CSharp.csproj
	EndGlobalSection
EndGlobal
